// !$*UTF8*$!
{
	archiveVersion = 1;
	classes = {
	};
	objectVersion = 77;
	objects = {

/* Begin PBXContainerItemProxy section */
		C791FADE2D106DB7005A7265 /* PBXContainerItemProxy */ = {
			isa = PBXContainerItemProxy;
			containerPortal = C791FAC42D106DB4005A7265 /* Project object */;
			proxyType = 1;
			remoteGlobalIDString = C791FACB2D106DB4005A7265;
			remoteInfo = mpvx;
		};
		C791FAE82D106DB7005A7265 /* PBXContainerItemProxy */ = {
			isa = PBXContainerItemProxy;
			containerPortal = C791FAC42D106DB4005A7265 /* Project object */;
			proxyType = 1;
			remoteGlobalIDString = C791FACB2D106DB4005A7265;
			remoteInfo = mpvx;
		};
/* End PBXContainerItemProxy section */

/* Begin PBXFileReference section */
		C791FACC2D106DB4005A7265 /* mpvx.app */ = {isa = PBXFileReference; explicitFileType = wrapper.application; includeInIndex = 0; path = mpvx.app; sourceTree = BUILT_PRODUCTS_DIR; };
		C791FADD2D106DB7005A7265 /* mpvxTests.xctest */ = {isa = PBXFileReference; explicitFileType = wrapper.cfbundle; includeInIndex = 0; path = mpvxTests.xctest; sourceTree = BUILT_PRODUCTS_DIR; };
		C791FAE72D106DB7005A7265 /* mpvxUITests.xctest */ = {isa = PBXFileReference; explicitFileType = wrapper.cfbundle; includeInIndex = 0; path = mpvxUITests.xctest; sourceTree = BUILT_PRODUCTS_DIR; };
/* End PBXFileReference section */

/* Begin PBXFileSystemSynchronizedBuildFileExceptionSet section */
		C791FB152D10739F005A7265 /* Exceptions for "mpvx" folder in "mpvxUITests" target */ = {
			isa = PBXFileSystemSynchronizedBuildFileExceptionSet;
			membershipExceptions = (
				CommonConstants.swift,
			);
			target = C791FAE62D106DB7005A7265 /* mpvxUITests */;
		};
		C791FC4C2D1079B5005A7265 /* Exceptions for "mpvx" folder in "mpvx" target */ = {
			isa = PBXFileSystemSynchronizedBuildFileExceptionSet;
			membershipExceptions = (
				Info.plist,
			);
			target = C791FACB2D106DB4005A7265 /* mpvx */;
		};
/* End PBXFileSystemSynchronizedBuildFileExceptionSet section */

/* Begin PBXFileSystemSynchronizedRootGroup section */
		C791FACE2D106DB4005A7265 /* mpvx */ = {
			isa = PBXFileSystemSynchronizedRootGroup;
			exceptions = (
				C791FC4C2D1079B5005A7265 /* Exceptions for "mpvx" folder in "mpvx" target */,
				C791FB152D10739F005A7265 /* Exceptions for "mpvx" folder in "mpvxUITests" target */,
			);
			path = mpvx;
			sourceTree = "<group>";
		};
		C791FAE02D106DB7005A7265 /* mpvxTests */ = {
			isa = PBXFileSystemSynchronizedRootGroup;
			path = mpvxTests;
			sourceTree = "<group>";
		};
		C791FAEA2D106DB7005A7265 /* mpvxUITests */ = {
			isa = PBXFileSystemSynchronizedRootGroup;
			path = mpvxUITests;
			sourceTree = "<group>";
		};
/* End PBXFileSystemSynchronizedRootGroup section */

/* Begin PBXFrameworksBuildPhase section */
		C791FAC92D106DB4005A7265 /* Frameworks */ = {
			isa = PBXFrameworksBuildPhase;
			buildActionMask = 2147483647;
			files = (
			);
			runOnlyForDeploymentPostprocessing = 0;
		};
		C791FADA2D106DB7005A7265 /* Frameworks */ = {
			isa = PBXFrameworksBuildPhase;
			buildActionMask = 2147483647;
			files = (
			);
			runOnlyForDeploymentPostprocessing = 0;
		};
		C791FAE42D106DB7005A7265 /* Frameworks */ = {
			isa = PBXFrameworksBuildPhase;
			buildActionMask = 2147483647;
			files = (
			);
			runOnlyForDeploymentPostprocessing = 0;
		};
/* End PBXFrameworksBuildPhase section */

/* Begin PBXGroup section */
		C791FAC32D106DB4005A7265 = {
			isa = PBXGroup;
			children = (
				C791FACE2D106DB4005A7265 /* mpvx */,
				C791FAE02D106DB7005A7265 /* mpvxTests */,
				C791FAEA2D106DB7005A7265 /* mpvxUITests */,
				C791FACD2D106DB4005A7265 /* Products */,
			);
			sourceTree = "<group>";
		};
		C791FACD2D106DB4005A7265 /* Products */ = {
			isa = PBXGroup;
			children = (
				C791FACC2D106DB4005A7265 /* mpvx.app */,
				C791FADD2D106DB7005A7265 /* mpvxTests.xctest */,
				C791FAE72D106DB7005A7265 /* mpvxUITests.xctest */,
			);
			name = Products;
			sourceTree = "<group>";
		};
/* End PBXGroup section */

/* Begin PBXNativeTarget section */
		C791FACB2D106DB4005A7265 /* mpvx */ = {
			isa = PBXNativeTarget;
			buildConfigurationList = C791FAF12D106DB7005A7265 /* Build configuration list for PBXNativeTarget "mpvx" */;
			buildPhases = (
				C791FAC82D106DB4005A7265 /* Sources */,
				C791FAC92D106DB4005A7265 /* Frameworks */,
				C791FACA2D106DB4005A7265 /* Resources */,
			);
			buildRules = (
			);
			dependencies = (
			);
			fileSystemSynchronizedGroups = (
				C791FACE2D106DB4005A7265 /* mpvx */,
			);
			name = mpvx;
			packageProductDependencies = (
			);
			productName = mpvx;
			productReference = C791FACC2D106DB4005A7265 /* mpvx.app */;
			productType = "com.apple.product-type.application";
		};
		C791FADC2D106DB7005A7265 /* mpvxTests */ = {
			isa = PBXNativeTarget;
			buildConfigurationList = C791FAF42D106DB7005A7265 /* Build configuration list for PBXNativeTarget "mpvxTests" */;
			buildPhases = (
				C791FAD92D106DB7005A7265 /* Sources */,
				C791FADA2D106DB7005A7265 /* Frameworks */,
				C791FADB2D106DB7005A7265 /* Resources */,
			);
			buildRules = (
			);
			dependencies = (
				C791FADF2D106DB7005A7265 /* PBXTargetDependency */,
			);
			fileSystemSynchronizedGroups = (
				C791FAE02D106DB7005A7265 /* mpvxTests */,
			);
			name = mpvxTests;
			packageProductDependencies = (
			);
			productName = mpvxTests;
			productReference = C791FADD2D106DB7005A7265 /* mpvxTests.xctest */;
			productType = "com.apple.product-type.bundle.unit-test";
		};
		C791FAE62D106DB7005A7265 /* mpvxUITests */ = {
			isa = PBXNativeTarget;
			buildConfigurationList = C791FAF72D106DB7005A7265 /* Build configuration list for PBXNativeTarget "mpvxUITests" */;
			buildPhases = (
				C791FAE32D106DB7005A7265 /* Sources */,
				C791FAE42D106DB7005A7265 /* Frameworks */,
				C791FAE52D106DB7005A7265 /* Resources */,
			);
			buildRules = (
			);
			dependencies = (
				C791FAE92D106DB7005A7265 /* PBXTargetDependency */,
			);
			fileSystemSynchronizedGroups = (
				C791FAEA2D106DB7005A7265 /* mpvxUITests */,
			);
			name = mpvxUITests;
			packageProductDependencies = (
			);
			productName = mpvxUITests;
			productReference = C791FAE72D106DB7005A7265 /* mpvxUITests.xctest */;
			productType = "com.apple.product-type.bundle.ui-testing";
		};
/* End PBXNativeTarget section */

/* Begin PBXProject section */
		C791FAC42D106DB4005A7265 /* Project object */ = {
			isa = PBXProject;
			attributes = {
				BuildIndependentTargetsInParallel = 1;
				LastSwiftUpdateCheck = 1620;
				LastUpgradeCheck = 1620;
				TargetAttributes = {
					C791FACB2D106DB4005A7265 = {
						CreatedOnToolsVersion = 16.2;
					};
					C791FADC2D106DB7005A7265 = {
						CreatedOnToolsVersion = 16.2;
						TestTargetID = C791FACB2D106DB4005A7265;
					};
					C791FAE62D106DB7005A7265 = {
						CreatedOnToolsVersion = 16.2;
						TestTargetID = C791FACB2D106DB4005A7265;
					};
				};
			};
			buildConfigurationList = C791FAC72D106DB4005A7265 /* Build configuration list for PBXProject "mpvx" */;
			developmentRegion = en;
			hasScannedForEncodings = 0;
			knownRegions = (
				en,
				Base,
			);
			mainGroup = C791FAC32D106DB4005A7265;
			minimizedProjectReferenceProxies = 1;
			preferredProjectObjectVersion = 77;
			productRefGroup = C791FACD2D106DB4005A7265 /* Products */;
			projectDirPath = "";
			projectRoot = "";
			targets = (
				C791FACB2D106DB4005A7265 /* mpvx */,
				C791FADC2D106DB7005A7265 /* mpvxTests */,
				C791FAE62D106DB7005A7265 /* mpvxUITests */,
			);
		};
/* End PBXProject section */

/* Begin PBXResourcesBuildPhase section */
		C791FACA2D106DB4005A7265 /* Resources */ = {
			isa = PBXResourcesBuildPhase;
			buildActionMask = 2147483647;
			files = (
			);
			runOnlyForDeploymentPostprocessing = 0;
		};
		C791FADB2D106DB7005A7265 /* Resources */ = {
			isa = PBXResourcesBuildPhase;
			buildActionMask = 2147483647;
			files = (
			);
			runOnlyForDeploymentPostprocessing = 0;
		};
		C791FAE52D106DB7005A7265 /* Resources */ = {
			isa = PBXResourcesBuildPhase;
			buildActionMask = 2147483647;
			files = (
			);
			runOnlyForDeploymentPostprocessing = 0;
		};
/* End PBXResourcesBuildPhase section */

/* Begin PBXSourcesBuildPhase section */
		C791FAC82D106DB4005A7265 /* Sources */ = {
			isa = PBXSourcesBuildPhase;
			buildActionMask = 2147483647;
			files = (
			);
			runOnlyForDeploymentPostprocessing = 0;
		};
		C791FAD92D106DB7005A7265 /* Sources */ = {
			isa = PBXSourcesBuildPhase;
			buildActionMask = 2147483647;
			files = (
			);
			runOnlyForDeploymentPostprocessing = 0;
		};
		C791FAE32D106DB7005A7265 /* Sources */ = {
			isa = PBXSourcesBuildPhase;
			buildActionMask = 2147483647;
			files = (
			);
			runOnlyForDeploymentPostprocessing = 0;
		};
/* End PBXSourcesBuildPhase section */

/* Begin PBXTargetDependency section */
		C791FADF2D106DB7005A7265 /* PBXTargetDependency */ = {
			isa = PBXTargetDependency;
			target = C791FACB2D106DB4005A7265 /* mpvx */;
			targetProxy = C791FADE2D106DB7005A7265 /* PBXContainerItemProxy */;
		};
		C791FAE92D106DB7005A7265 /* PBXTargetDependency */ = {
			isa = PBXTargetDependency;
			target = C791FACB2D106DB4005A7265 /* mpvx */;
			targetProxy = C791FAE82D106DB7005A7265 /* PBXContainerItemProxy */;
		};
/* End PBXTargetDependency section */

/* Begin XCBuildConfiguration section */
		C791FAEF2D106DB7005A7265 /* Debug */ = {
			isa = XCBuildConfiguration;
			baseConfigurationReferenceAnchor = C791FACE2D106DB4005A7265 /* mpvx */;
			baseConfigurationReferenceRelativePath = Config.xcconfig;
			buildSettings = {
				ALWAYS_SEARCH_USER_PATHS = NO;
				ASSETCATALOG_COMPILER_GENERATE_SWIFT_ASSET_SYMBOL_EXTENSIONS = YES;
				CLANG_ANALYZER_NONNULL = YES;
				CLANG_ANALYZER_NUMBER_OBJECT_CONVERSION = YES_AGGRESSIVE;
				CLANG_CXX_LANGUAGE_STANDARD = "gnu++20";
				CLANG_ENABLE_MODULES = YES;
				CLANG_ENABLE_OBJC_ARC = YES;
				CLANG_ENABLE_OBJC_WEAK = YES;
				CLANG_WARN_BLOCK_CAPTURE_AUTORELEASING = YES;
				CLANG_WARN_BOOL_CONVERSION = YES;
				CLANG_WARN_COMMA = YES;
				CLANG_WARN_CONSTANT_CONVERSION = YES;
				CLANG_WARN_DEPRECATED_OBJC_IMPLEMENTATIONS = YES;
				CLANG_WARN_DIRECT_OBJC_ISA_USAGE = YES_ERROR;
				CLANG_WARN_DOCUMENTATION_COMMENTS = YES;
				CLANG_WARN_EMPTY_BODY = YES;
				CLANG_WARN_ENUM_CONVERSION = YES;
				CLANG_WARN_INFINITE_RECURSION = YES;
				CLANG_WARN_INT_CONVERSION = YES;
				CLANG_WARN_NON_LITERAL_NULL_CONVERSION = YES;
				CLANG_WARN_OBJC_IMPLICIT_RETAIN_SELF = YES;
				CLANG_WARN_OBJC_LITERAL_CONVERSION = YES;
				CLANG_WARN_OBJC_ROOT_CLASS = YES_ERROR;
				CLANG_WARN_QUOTED_INCLUDE_IN_FRAMEWORK_HEADER = YES;
				CLANG_WARN_RANGE_LOOP_ANALYSIS = YES;
				CLANG_WARN_STRICT_PROTOTYPES = YES;
				CLANG_WARN_SUSPICIOUS_MOVE = YES;
				CLANG_WARN_UNGUARDED_AVAILABILITY = YES_AGGRESSIVE;
				CLANG_WARN_UNREACHABLE_CODE = YES;
				CLANG_WARN__DUPLICATE_METHOD_MATCH = YES;
				COPY_PHASE_STRIP = NO;
				DEBUG_INFORMATION_FORMAT = dwarf;
				ENABLE_STRICT_OBJC_MSGSEND = YES;
				ENABLE_TESTABILITY = YES;
				ENABLE_USER_SCRIPT_SANDBOXING = YES;
				GCC_C_LANGUAGE_STANDARD = gnu17;
				GCC_DYNAMIC_NO_PIC = NO;
				GCC_NO_COMMON_BLOCKS = YES;
				GCC_OPTIMIZATION_LEVEL = 0;
				GCC_PREPROCESSOR_DEFINITIONS = (
					"DEBUG=1",
					"$(inherited)",
				);
				GCC_WARN_64_TO_32_BIT_CONVERSION = YES;
				GCC_WARN_ABOUT_RETURN_TYPE = YES_ERROR;
				GCC_WARN_UNDECLARED_SELECTOR = YES;
				GCC_WARN_UNINITIALIZED_AUTOS = YES_AGGRESSIVE;
				GCC_WARN_UNUSED_FUNCTION = YES;
				GCC_WARN_UNUSED_VARIABLE = YES;
				LOCALIZATION_PREFERS_STRING_CATALOGS = YES;
				MACOSX_DEPLOYMENT_TARGET = 15.2;
				MTL_ENABLE_DEBUG_INFO = INCLUDE_SOURCE;
				MTL_FAST_MATH = YES;
				ONLY_ACTIVE_ARCH = YES;
				SDKROOT = macosx;
				SWIFT_ACTIVE_COMPILATION_CONDITIONS = "DEBUG $(inherited)";
				SWIFT_OPTIMIZATION_LEVEL = "-Onone";
			};
			name = Debug;
		};
		C791FAF02D106DB7005A7265 /* Release */ = {
			isa = XCBuildConfiguration;
			baseConfigurationReferenceAnchor = C791FACE2D106DB4005A7265 /* mpvx */;
			baseConfigurationReferenceRelativePath = Config.xcconfig;
			buildSettings = {
				ALWAYS_SEARCH_USER_PATHS = NO;
				ASSETCATALOG_COMPILER_GENERATE_SWIFT_ASSET_SYMBOL_EXTENSIONS = YES;
				CLANG_ANALYZER_NONNULL = YES;
				CLANG_ANALYZER_NUMBER_OBJECT_CONVERSION = YES_AGGRESSIVE;
				CLANG_CXX_LANGUAGE_STANDARD = "gnu++20";
				CLANG_ENABLE_MODULES = YES;
				CLANG_ENABLE_OBJC_ARC = YES;
				CLANG_ENABLE_OBJC_WEAK = YES;
				CLANG_WARN_BLOCK_CAPTURE_AUTORELEASING = YES;
				CLANG_WARN_BOOL_CONVERSION = YES;
				CLANG_WARN_COMMA = YES;
				CLANG_WARN_CONSTANT_CONVERSION = YES;
				CLANG_WARN_DEPRECATED_OBJC_IMPLEMENTATIONS = YES;
				CLANG_WARN_DIRECT_OBJC_ISA_USAGE = YES_ERROR;
				CLANG_WARN_DOCUMENTATION_COMMENTS = YES;
				CLANG_WARN_EMPTY_BODY = YES;
				CLANG_WARN_ENUM_CONVERSION = YES;
				CLANG_WARN_INFINITE_RECURSION = YES;
				CLANG_WARN_INT_CONVERSION = YES;
				CLANG_WARN_NON_LITERAL_NULL_CONVERSION = YES;
				CLANG_WARN_OBJC_IMPLICIT_RETAIN_SELF = YES;
				CLANG_WARN_OBJC_LITERAL_CONVERSION = YES;
				CLANG_WARN_OBJC_ROOT_CLASS = YES_ERROR;
				CLANG_WARN_QUOTED_INCLUDE_IN_FRAMEWORK_HEADER = YES;
				CLANG_WARN_RANGE_LOOP_ANALYSIS = YES;
				CLANG_WARN_STRICT_PROTOTYPES = YES;
				CLANG_WARN_SUSPICIOUS_MOVE = YES;
				CLANG_WARN_UNGUARDED_AVAILABILITY = YES_AGGRESSIVE;
				CLANG_WARN_UNREACHABLE_CODE = YES;
				CLANG_WARN__DUPLICATE_METHOD_MATCH = YES;
				COPY_PHASE_STRIP = NO;
				DEBUG_INFORMATION_FORMAT = "dwarf-with-dsym";
				ENABLE_NS_ASSERTIONS = NO;
				ENABLE_STRICT_OBJC_MSGSEND = YES;
				ENABLE_USER_SCRIPT_SANDBOXING = YES;
				GCC_C_LANGUAGE_STANDARD = gnu17;
				GCC_NO_COMMON_BLOCKS = YES;
				GCC_WARN_64_TO_32_BIT_CONVERSION = YES;
				GCC_WARN_ABOUT_RETURN_TYPE = YES_ERROR;
				GCC_WARN_UNDECLARED_SELECTOR = YES;
				GCC_WARN_UNINITIALIZED_AUTOS = YES_AGGRESSIVE;
				GCC_WARN_UNUSED_FUNCTION = YES;
				GCC_WARN_UNUSED_VARIABLE = YES;
				LOCALIZATION_PREFERS_STRING_CATALOGS = YES;
				MACOSX_DEPLOYMENT_TARGET = 15.2;
				MTL_ENABLE_DEBUG_INFO = NO;
				MTL_FAST_MATH = YES;
				SDKROOT = macosx;
				SWIFT_COMPILATION_MODE = wholemodule;
			};
			name = Release;
		};
		C791FAF22D106DB7005A7265 /* Debug */ = {
			isa = XCBuildConfiguration;
			buildSettings = {
				ASSETCATALOG_COMPILER_APPICON_NAME = AppIcon;
				ASSETCATALOG_COMPILER_GLOBAL_ACCENT_COLOR_NAME = AccentColor;
				CODE_SIGN_ENTITLEMENTS = mpvx/mpvx.entitlements;
				CODE_SIGN_STYLE = Automatic;
				COMBINE_HIDPI_IMAGES = YES;
				CURRENT_PROJECT_VERSION = "$(BUILD)";
				GENERATE_INFOPLIST_FILE = YES;
				INFOPLIST_FILE = mpvx/Info.plist;
				INFOPLIST_KEY_NSHumanReadableCopyright = "Copyright © 2024 HackingGate. All rights reserved.";
				INFOPLIST_KEY_NSMainStoryboardFile = Main;
				INFOPLIST_KEY_NSPrincipalClass = NSApplication;
				LD_RUNPATH_SEARCH_PATHS = (
					"$(inherited)",
					"@executable_path/../Frameworks",
				);
				MACOSX_DEPLOYMENT_TARGET = 11.5;
				MARKETING_VERSION = "$(VERSION)";
				PRODUCT_BUNDLE_IDENTIFIER = com.hackinggate.mpvx;
				PRODUCT_NAME = "$(TARGET_NAME)";
				SWIFT_EMIT_LOC_STRINGS = YES;
				SWIFT_VERSION = 5.0;
			};
			name = Debug;
		};
		C791FAF32D106DB7005A7265 /* Release */ = {
			isa = XCBuildConfiguration;
			buildSettings = {
				ASSETCATALOG_COMPILER_APPICON_NAME = AppIcon;
				ASSETCATALOG_COMPILER_GLOBAL_ACCENT_COLOR_NAME = AccentColor;
				CODE_SIGN_ENTITLEMENTS = mpvx/mpvx.entitlements;
				CODE_SIGN_STYLE = Automatic;
				COMBINE_HIDPI_IMAGES = YES;
				CURRENT_PROJECT_VERSION = "$(BUILD)";
				GENERATE_INFOPLIST_FILE = YES;
				INFOPLIST_FILE = mpvx/Info.plist;
				INFOPLIST_KEY_NSHumanReadableCopyright = "Copyright © 2024 HackingGate. All rights reserved.";
				INFOPLIST_KEY_NSMainStoryboardFile = Main;
				INFOPLIST_KEY_NSPrincipalClass = NSApplication;
				LD_RUNPATH_SEARCH_PATHS = (
					"$(inherited)",
					"@executable_path/../Frameworks",
				);
				MACOSX_DEPLOYMENT_TARGET = 11.5;
				MARKETING_VERSION = "$(VERSION)";
				PRODUCT_BUNDLE_IDENTIFIER = com.hackinggate.mpvx;
				PRODUCT_NAME = "$(TARGET_NAME)";
				SWIFT_EMIT_LOC_STRINGS = YES;
				SWIFT_VERSION = 5.0;
			};
			name = Release;
		};
		C791FAF52D106DB7005A7265 /* Debug */ = {
			isa = XCBuildConfiguration;
			buildSettings = {
				BUNDLE_LOADER = "$(TEST_HOST)";
				CODE_SIGN_STYLE = Automatic;
				CURRENT_PROJECT_VERSION = 1;
				GENERATE_INFOPLIST_FILE = YES;
				MACOSX_DEPLOYMENT_TARGET = 13.5;
				MARKETING_VERSION = 1.0;
				PRODUCT_BUNDLE_IDENTIFIER = com.hackinggate.mpvxTests;
				PRODUCT_NAME = "$(TARGET_NAME)";
				SWIFT_EMIT_LOC_STRINGS = NO;
				SWIFT_VERSION = 5.0;
				TEST_HOST = "$(BUILT_PRODUCTS_DIR)/mpvx.app/$(BUNDLE_EXECUTABLE_FOLDER_PATH)/mpvx";
			};
			name = Debug;
		};
		C791FAF62D106DB7005A7265 /* Release */ = {
			isa = XCBuildConfiguration;
			buildSettings = {
				BUNDLE_LOADER = "$(TEST_HOST)";
				CODE_SIGN_STYLE = Automatic;
				CURRENT_PROJECT_VERSION = 1;
				GENERATE_INFOPLIST_FILE = YES;
				MACOSX_DEPLOYMENT_TARGET = 13.5;
				MARKETING_VERSION = 1.0;
				PRODUCT_BUNDLE_IDENTIFIER = com.hackinggate.mpvxTests;
				PRODUCT_NAME = "$(TARGET_NAME)";
				SWIFT_EMIT_LOC_STRINGS = NO;
				SWIFT_VERSION = 5.0;
				TEST_HOST = "$(BUILT_PRODUCTS_DIR)/mpvx.app/$(BUNDLE_EXECUTABLE_FOLDER_PATH)/mpvx";
			};
			name = Release;
		};
		C791FAF82D106DB7005A7265 /* Debug */ = {
			isa = XCBuildConfiguration;
			buildSettings = {
				CODE_SIGN_STYLE = Automatic;
				CURRENT_PROJECT_VERSION = 1;
				GENERATE_INFOPLIST_FILE = YES;
				MACOSX_DEPLOYMENT_TARGET = 13.5;
				MARKETING_VERSION = 1.0;
				PRODUCT_BUNDLE_IDENTIFIER = com.hackinggate.mpvxUITests;
				PRODUCT_NAME = "$(TARGET_NAME)";
				SWIFT_EMIT_LOC_STRINGS = NO;
				SWIFT_VERSION = 5.0;
				TEST_TARGET_NAME = mpvx;
			};
			name = Debug;
		};
		C791FAF92D106DB7005A7265 /* Release */ = {
			isa = XCBuildConfiguration;
			buildSettings = {
				CODE_SIGN_STYLE = Automatic;
				CURRENT_PROJECT_VERSION = 1;
				GENERATE_INFOPLIST_FILE = YES;
				MACOSX_DEPLOYMENT_TARGET = 13.5;
				MARKETING_VERSION = 1.0;
				PRODUCT_BUNDLE_IDENTIFIER = com.hackinggate.mpvxUITests;
				PRODUCT_NAME = "$(TARGET_NAME)";
				SWIFT_EMIT_LOC_STRINGS = NO;
				SWIFT_VERSION = 5.0;
				TEST_TARGET_NAME = mpvx;
			};
			name = Release;
		};
/* End XCBuildConfiguration section */

/* Begin XCConfigurationList section */
		C791FAC72D106DB4005A7265 /* Build configuration list for PBXProject "mpvx" */ = {
			isa = XCConfigurationList;
			buildConfigurations = (
				C791FAEF2D106DB7005A7265 /* Debug */,
				C791FAF02D106DB7005A7265 /* Release */,
			);
			defaultConfigurationIsVisible = 0;
			defaultConfigurationName = Release;
		};
		C791FAF12D106DB7005A7265 /* Build configuration list for PBXNativeTarget "mpvx" */ = {
			isa = XCConfigurationList;
			buildConfigurations = (
				C791FAF22D106DB7005A7265 /* Debug */,
				C791FAF32D106DB7005A7265 /* Release */,
			);
			defaultConfigurationIsVisible = 0;
			defaultConfigurationName = Release;
		};
		C791FAF42D106DB7005A7265 /* Build configuration list for PBXNativeTarget "mpvxTests" */ = {
			isa = XCConfigurationList;
			buildConfigurations = (
				C791FAF52D106DB7005A7265 /* Debug */,
				C791FAF62D106DB7005A7265 /* Release */,
			);
			defaultConfigurationIsVisible = 0;
			defaultConfigurationName = Release;
		};
		C791FAF72D106DB7005A7265 /* Build configuration list for PBXNativeTarget "mpvxUITests" */ = {
			isa = XCConfigurationList;
			buildConfigurations = (
				C791FAF82D106DB7005A7265 /* Debug */,
				C791FAF92D106DB7005A7265 /* Release */,
			);
			defaultConfigurationIsVisible = 0;
			defaultConfigurationName = Release;
		};
/* End XCConfigurationList section */
	};
	rootObject = C791FAC42D106DB4005A7265 /* Project object */;
}
